
Microsoft Visual Studio Solution File, Format Version 12.00
# Visual Studio Version 16
VisualStudioVersion = 16.0.31005.135
MinimumVisualStudioVersion = 10.0.40219.1
Project("{9A19103F-16F7-4668-BE54-9A1E7A4F7556}") = "WebApi1", "WebApi1\WebApi1.csproj", "{BE331C6E-5A19-477C-8F79-18D7EE2F7788}"
EndProject
Project("{9A19103F-16F7-4668-BE54-9A1E7A4F7556}") = "WebApi2", "WebApi2\WebApi2.csproj", "{07BE25A1-42ED-4819-B356-A174B7CB5359}"
EndProject
Project("{2150E333-8FDC-42A3-9474-1A3956D46DE8}") = "Solution Items", "Solution Items", "{AD5609D7-B692-42AE-B527-82B232A34EFE}"
	ProjectSection(SolutionItems) = preProject
		.editorconfig = .editorconfig
	EndProjectSection
EndProject
Global
	GlobalSection(SolutionConfigurationPlatforms) = preSolution
		Debug|Any CPU = Debug|Any CPU
		Release|Any CPU = Release|Any CPU
	EndGlobalSection
	GlobalSection(ProjectConfigurationPlatforms) = postSolution
		{BE331C6E-5A19-477C-8F79-18D7EE2F7788}.Debug|Any CPU.ActiveCfg = Debug|Any CPU
		{BE331C6E-5A19-477C-8F79-18D7EE2F7788}.Debug|Any CPU.Build.0 = Debug|Any CPU
		{BE331C6E-5A19-477C-8F79-18D7EE2F7788}.Release|Any CPU.ActiveCfg = Release|Any CPU
		{BE331C6E-5A19-477C-8F79-18D7EE2F7788}.Release|Any CPU.Build.0 = Release|Any CPU
		{07BE25A1-42ED-4819-B356-A174B7CB5359}.Debug|Any CPU.ActiveCfg = Debug|Any CPU
		{07BE25A1-42ED-4819-B356-A174B7CB5359}.Debug|Any CPU.Build.0 = Debug|Any CPU
		{07BE25A1-42ED-4819-B356-A174B7CB5359}.Release|Any CPU.ActiveCfg = Release|Any CPU
		{07BE25A1-42ED-4819-B356-A174B7CB5359}.Release|Any CPU.Build.0 = Release|Any CPU
	EndGlobalSection
	GlobalSection(SolutionProperties) = preSolution
		HideSolutionNode = FALSE
	EndGlobalSection
	GlobalSection(ExtensibilityGlobals) = postSolution
		SolutionGuid = {A873FC5D-D087-4947-9C8D-12CA0ED7DA3F}
	EndGlobalSection
EndGlobal
